
Microsoft Visual Studio Solution File, Format Version 12.00
# Visual Studio 2013
VisualStudioVersion = 12.0.21005.1
MinimumVisualStudioVersion = 10.0.40219.1
Project("{2150E333-8FDC-42A3-9474-1A3956D46DE8}") = "1-基础设施", "1-基础设施", "{F4ED0409-3A8B-463F-BF17-6464F29F624B}"
EndProject
Project("{2150E333-8FDC-42A3-9474-1A3956D46DE8}") = "2-展现层", "2-展现层", "{7B6FB9C3-21B4-46E7-B6E2-CE386D39D366}"
EndProject
Project("{2150E333-8FDC-42A3-9474-1A3956D46DE8}") = "3-插件", "3-插件", "{C3EC0E62-C44E-44AD-B7CE-30B450855C3A}"
EndProject
Project("{2150E333-8FDC-42A3-9474-1A3956D46DE8}") = "4-单元测试", "4-单元测试", "{79ACB286-2ADF-49C5-86CF-23C7D5D9E516}"
EndProject
Project("{FAE04EC0-301F-11D3-BF4B-00C04F79EFBC}") = "OQueen.Core", "OQueen.Core\OQueen.Core.csproj", "{AA41D0EF-E095-4948-BF30-45720A76AE17}"
EndProject
Project("{FAE04EC0-301F-11D3-BF4B-00C04F79EFBC}") = "OQueen.WebApi", "OQueen.WebApi\OQueen.WebApi.csproj", "{7E400C3E-2203-43B1-9248-34D8E8A232A6}"
EndProject
Global
	GlobalSection(SolutionConfigurationPlatforms) = preSolution
		Debug|Any CPU = Debug|Any CPU
		Release|Any CPU = Release|Any CPU
	EndGlobalSection
	GlobalSection(ProjectConfigurationPlatforms) = postSolution
		{AA41D0EF-E095-4948-BF30-45720A76AE17}.Debug|Any CPU.ActiveCfg = Debug|Any CPU
		{AA41D0EF-E095-4948-BF30-45720A76AE17}.Debug|Any CPU.Build.0 = Debug|Any CPU
		{AA41D0EF-E095-4948-BF30-45720A76AE17}.Release|Any CPU.ActiveCfg = Release|Any CPU
		{AA41D0EF-E095-4948-BF30-45720A76AE17}.Release|Any CPU.Build.0 = Release|Any CPU
		{7E400C3E-2203-43B1-9248-34D8E8A232A6}.Debug|Any CPU.ActiveCfg = Debug|Any CPU
		{7E400C3E-2203-43B1-9248-34D8E8A232A6}.Debug|Any CPU.Build.0 = Debug|Any CPU
		{7E400C3E-2203-43B1-9248-34D8E8A232A6}.Release|Any CPU.ActiveCfg = Release|Any CPU
		{7E400C3E-2203-43B1-9248-34D8E8A232A6}.Release|Any CPU.Build.0 = Release|Any CPU
	EndGlobalSection
	GlobalSection(SolutionProperties) = preSolution
		HideSolutionNode = FALSE
	EndGlobalSection
	GlobalSection(NestedProjects) = preSolution
		{AA41D0EF-E095-4948-BF30-45720A76AE17} = {F4ED0409-3A8B-463F-BF17-6464F29F624B}
		{7E400C3E-2203-43B1-9248-34D8E8A232A6} = {7B6FB9C3-21B4-46E7-B6E2-CE386D39D366}
	EndGlobalSection
EndGlobal
